
Microsoft Visual Studio Solution File, Format Version 12.00
# Visual Studio 14
VisualStudioVersion = 14.0.24720.0
MinimumVisualStudioVersion = 10.0.40219.1
Project("{F2A71F9B-5D33-465A-A702-920D77279786}") = "CLR_UDF", "CLR_UDF\CLR_UDF.fsproj", "{AD27E11F-F635-4C39-B99F-F74F222B44DC}"
EndProject
Project("{FAE04EC0-301F-11D3-BF4B-00C04F79EFBC}") = "CLR_UDF_CS", "CLR_UDF_CS\CLR_UDF_CS.csproj", "{2F7CFF91-149B-4571-A5FE-62525257CE38}"
EndProject
Global
	GlobalSection(SolutionConfigurationPlatforms) = preSolution
		Debug|Any CPU = Debug|Any CPU
		Release|Any CPU = Release|Any CPU
	EndGlobalSection
	GlobalSection(ProjectConfigurationPlatforms) = postSolution
		{AD27E11F-F635-4C39-B99F-F74F222B44DC}.Debug|Any CPU.ActiveCfg = Debug|Any CPU
		{AD27E11F-F635-4C39-B99F-F74F222B44DC}.Debug|Any CPU.Build.0 = Debug|Any CPU
		{AD27E11F-F635-4C39-B99F-F74F222B44DC}.Release|Any CPU.ActiveCfg = Release|Any CPU
		{AD27E11F-F635-4C39-B99F-F74F222B44DC}.Release|Any CPU.Build.0 = Release|Any CPU
		{2F7CFF91-149B-4571-A5FE-62525257CE38}.Debug|Any CPU.ActiveCfg = Debug|Any CPU
		{2F7CFF91-149B-4571-A5FE-62525257CE38}.Debug|Any CPU.Build.0 = Debug|Any CPU
		{2F7CFF91-149B-4571-A5FE-62525257CE38}.Release|Any CPU.ActiveCfg = Release|Any CPU
		{2F7CFF91-149B-4571-A5FE-62525257CE38}.Release|Any CPU.Build.0 = Release|Any CPU
	EndGlobalSection
	GlobalSection(SolutionProperties) = preSolution
		HideSolutionNode = FALSE
	EndGlobalSection
EndGlobal
